hash: 07bb9d00268c4791a4868ffd37c014cb90ab6c8b65276b8945ba072123e7bddd
updated: 2018-10-26T15:02:36.843929733-07:00
imports:
- name: github.com/asaskevich/govalidator
  version: f9ffefc3facfbe0caee3fea233cbb6e8208f4541
- name: github.com/docker/go-units
  version: 47565b4f722fb6ceae66b95f853feed578a4a51c
- name: github.com/globalsign/mgo
  version: 113d3961e7311526535a1ef7042196563d442761
  subpackages:
  - bson
  - internal/json
  - internal/sasl
  - internal/scram
- name: github.com/go-openapi/analysis
  version: 8ed83f2ea9f00f945516462951a288eaa68bf0d6
- name: github.com/go-openapi/errors
  version: 03cfca65330da08a5a440053faf994a3c682b5bf
- name: github.com/go-openapi/jsonpointer
  version: 779f45308c19820f1a69e9a4cd965f496e0da10f
- name: github.com/go-openapi/jsonreference
  version: 36d33bfe519efae5632669801b180bf1a245da3b
- name: github.com/go-openapi/loads
  version: a80dea3052f00e5f032e860dd7355cd0cc67e24d
- name: github.com/go-openapi/runtime
  version: bf2ff8f7150788b1c7256abb0805ba0410cbbabb
  subpackages:
  - client
  - flagext
  - middleware
  - middleware/denco
  - middleware/header
  - middleware/untyped
  - security
- name: github.com/go-openapi/spec
  version: 48c2a7185575f9103a5a3863eff950bb776899d2
- name: github.com/go-openapi/strfmt
  version: 610b6cacdcde6852f4de68998bd20ce1dac85b22
- name: github.com/go-openapi/swag
  version: f3f9494671f93fcff853e3c6e9e948b3eb71e590
- name: github.com/go-openapi/validate
  version: dc8a684882cf70c9a529887104340f44e0e138e5
- name: github.com/golang/groupcache
  version: 02826c3e79038b59d737d3b1c0a1d937f71a4433
- name: github.com/jessevdk/go-flags
  version: 9c49a3351d49777ccd40148b5cdf6f2998f51087
- name: github.com/mailru/easyjson
  version: 60711f1a8329503b04e1c88535f419d0bb440bff
  subpackages:
  - buffer
  - jlexer
  - jwriter
- name: github.com/mitchellh/mapstructure
  version: 3536a929edddb9a5b34bd6861dc4a9647cb459fe
- name: github.com/ory/dockertest
  version: 9f1141b78507d23603f6be530587664ebb63a8d2
  subpackages:
  - docker
  - docker/opts
  - docker/pkg/archive
  - docker/pkg/fileutils
  - docker/pkg/homedir
  - docker/pkg/idtools
  - docker/pkg/ioutils
  - docker/pkg/jsonmessage
  - docker/pkg/longpath
  - docker/pkg/mount
  - docker/pkg/pools
  - docker/pkg/stdcopy
  - docker/pkg/system
  - docker/pkg/term
  - docker/pkg/term/windows
  - docker/types
  - docker/types/blkiodev
  - docker/types/container
  - docker/types/filters
  - docker/types/mount
  - docker/types/network
  - docker/types/registry
  - docker/types/strslice
  - docker/types/versions
- name: github.com/PuerkitoBio/purell
  version: 975f53781597ed779763b7b65566e74c4004d8de
- name: github.com/PuerkitoBio/urlesc
  version: de5bf2ad457846296e2031421a34e2568e304e35
- name: github.com/satori/go.uuid
  version: f58768cc1a7a7e77a3bd49e98cdd21419399b6a3
- name: github.com/tylerb/graceful
  version: d72b0151351a13d0421b763b88f791469c4f5dc7
- name: golang.org/x/net
  version: 9b4f9f5ad5197c79fd623a3638e70d8b26cef344
  subpackages:
  - context
  - context/ctxhttp
  - idna
- name: golang.org/x/text
  version: b19bf474d317b857955b12035d2c5acb57ce8b01
  subpackages:
  - secure/bidirule
  - transform
  - unicode/bidi
  - unicode/norm
  - width
- name: gopkg.in/check.v1
  version: 788fd78401277ebd861206a03c884797c6ec5541
- name: gopkg.in/mgo.v2
  version: 9856a29383ce1c59f308dd1cf0363a79b5bef6b5
  subpackages:
  - bson
  - internal/json
- name: gopkg.in/yaml.v2
  version: 5420a8b6744d3b0345ab293f6fcba19c978f1183
testImports:
- name: github.com/Azure/go-ansiterm
  version: d6e3b3328b783f23731bc4d058875b0371ff8109
  subpackages:
  - winterm
- name: github.com/cenkalti/backoff
  version: 62661b46c4093e2c1f38d943e663db1a29873e80
- name: github.com/containerd/continuity
  version: c220ac4f01b8a301edcb9c9c05d7600249138cfa
  subpackages:
  - pathdriver
- name: github.com/docker/go-connections
  version: 97c2040d34dfae1d1b1275fa3a78dbdd2f41cf7e
  subpackages:
  - nat
- name: github.com/konsorten/go-windows-terminal-sequences
  version: 5c8c8bd35d3832f5d134ae1e1e375b69a4d25242
- name: github.com/kr/pretty
  version: 73f6ac0b30a98e433b289500d779f50c1a6f0712
- name: github.com/kr/text
  version: e2ffdb16a802fe2bb95e2e35ff34f0e53aeef34f
- name: github.com/Microsoft/go-winio
  version: 97e4973ce50b2ff5f09635a57e2b88a037aae829
- name: github.com/Nvveen/Gotty
  version: cd527374f1e5bff4938207604a14f2e38a9cf512
- name: github.com/opencontainers/go-digest
  version: c9281466c8b2f606084ac71339773efd177436e7
- name: github.com/opencontainers/image-spec
  version: b6e51fa50549ee0bd5188494912a7f4c382cb0d4
  subpackages:
  - specs-go
  - specs-go/v1
- name: github.com/opencontainers/runc
  version: f3ce8221ea760f51b5403a9892a69ace43845c2c
  subpackages:
  - libcontainer/user
- name: github.com/pkg/errors
  version: 059132a15dd08d6704c67711dae0cf35ab991756
- name: github.com/sirupsen/logrus
  version: 4fabf2fffcecfd47f802869b7b92d75e43c5a095
- name: golang.org/x/crypto
  version: e84da0312774c21d64ee2317962ef669b27ffb41
  subpackages:
  - ssh/terminal
- name: golang.org/x/sys
  version: 95b1ffbd15a57cc5abb3f04402b9e8ec0016a52c
  subpackages:
  - unix
  - windows
